// !$*UTF8*$!
{
	archiveVersion = 1;
	classes = {
	};
	objectVersion = 50;
	objects = {

/* Begin PBXBuildFile section */
		0A23B0A72281AFE0008D743E /* AppDelegate.m in Sources */ = {isa = PBXBuildFile; fileRef = 0A23B0A62281AFE0008D743E /* AppDelegate.m */; };
		0A23B0AA2281AFE0008D743E /* ViewController.m in Sources */ = {isa = PBXBuildFile; fileRef = 0A23B0A92281AFE0008D743E /* ViewController.m */; };
		0A23B0AD2281AFE0008D743E /* Main.storyboard in Resources */ = {isa = PBXBuildFile; fileRef = 0A23B0AB2281AFE0008D743E /* Main.storyboard */; };
		0A23B0AF2281AFE1008D743E /* Assets.xcassets in Resources */ = {isa = PBXBuildFile; fileRef = 0A23B0AE2281AFE1008D743E /* Assets.xcassets */; };
		0A23B0B22281AFE1008D743E /* LaunchScreen.storyboard in Resources */ = {isa = PBXBuildFile; fileRef = 0A23B0B02281AFE1008D743E /* LaunchScreen.storyboard */; };
		0A23B0B52281AFE1008D743E /* main.m in Sources */ = {isa = PBXBuildFile; fileRef = 0A23B0B42281AFE1008D743E /* main.m */; };
		0A23B0BF2281AFE1008D743E /* AnalyzePromiseKitTests.m in Sources */ = {isa = PBXBuildFile; fileRef = 0A23B0BE2281AFE1008D743E /* AnalyzePromiseKitTests.m */; };
		0A23B0CA2281AFE1008D743E /* AnalyzePromiseKitUITests.m in Sources */ = {isa = PBXBuildFile; fileRef = 0A23B0C92281AFE1008D743E /* AnalyzePromiseKitUITests.m */; };
		A1462C80C0CDAA5A9720A0A2 /* Pods_AnalyzePromiseKit.framework in Frameworks */ = {isa = PBXBuildFile; fileRef = 9E16E5BD965385BE0AD78991 /* Pods_AnalyzePromiseKit.framework */; };
		B7AD2C40EEF4F77415169F21 /* Pods_AnalyzePromiseKitUITests.framework in Frameworks */ = {isa = PBXBuildFile; fileRef = 7639EAFDD5518ABF600A0D4C /* Pods_AnalyzePromiseKitUITests.framework */; };
		DB956697CD0B0768E0AF1A50 /* Pods_AnalyzePromiseKitTests.framework in Frameworks */ = {isa = PBXBuildFile; fileRef = 9444FEF834A62551F0953E83 /* Pods_AnalyzePromiseKitTests.framework */; };
/* End PBXBuildFile section */

/* Begin PBXContainerItemProxy section */
		0A23B0BB2281AFE1008D743E /* PBXContainerItemProxy */ = {
			isa = PBXContainerItemProxy;
			containerPortal = 0A23B09A2281AFE0008D743E /* Project object */;
			proxyType = 1;
			remoteGlobalIDString = 0A23B0A12281AFE0008D743E;
			remoteInfo = AnalyzePromiseKit;
		};
		0A23B0C62281AFE1008D743E /* PBXContainerItemProxy */ = {
			isa = PBXContainerItemProxy;
			containerPortal = 0A23B09A2281AFE0008D743E /* Project object */;
			proxyType = 1;
			remoteGlobalIDString = 0A23B0A12281AFE0008D743E;
			remoteInfo = AnalyzePromiseKit;
		};
/* End PBXContainerItemProxy section */

/* Begin PBXFileReference section */
		0A23B0A22281AFE0008D743E /* AnalyzePromiseKit.app */ = {isa = PBXFileReference; explicitFileType = wrapper.application; includeInIndex = 0; path = AnalyzePromiseKit.app; sourceTree = BUILT_PRODUCTS_DIR; };
		0A23B0A52281AFE0008D743E /* AppDelegate.h */ = {isa = PBXFileReference; lastKnownFileType = sourcecode.c.h; path = AppDelegate.h; sourceTree = "<group>"; };
		0A23B0A62281AFE0008D743E /* AppDelegate.m */ = {isa = PBXFileReference; lastKnownFileType = sourcecode.c.objc; path = AppDelegate.m; sourceTree = "<group>"; };
		0A23B0A82281AFE0008D743E /* ViewController.h */ = {isa = PBXFileReference; lastKnownFileType = sourcecode.c.h; path = ViewController.h; sourceTree = "<group>"; };
		0A23B0A92281AFE0008D743E /* ViewController.m */ = {isa = PBXFileReference; lastKnownFileType = sourcecode.c.objc; path = ViewController.m; sourceTree = "<group>"; };
		0A23B0AC2281AFE0008D743E /* Base */ = {isa = PBXFileReference; lastKnownFileType = file.storyboard; name = Base; path = Base.lproj/Main.storyboard; sourceTree = "<group>"; };
		0A23B0AE2281AFE1008D743E /* Assets.xcassets */ = {isa = PBXFileReference; lastKnownFileType = folder.assetcatalog; path = Assets.xcassets; sourceTree = "<group>"; };
		0A23B0B12281AFE1008D743E /* Base */ = {isa = PBXFileReference; lastKnownFileType = file.storyboard; name = Base; path = Base.lproj/LaunchScreen.storyboard; sourceTree = "<group>"; };
		0A23B0B32281AFE1008D743E /* Info.plist */ = {isa = PBXFileReference; lastKnownFileType = text.plist.xml; path = Info.plist; sourceTree = "<group>"; };
		0A23B0B42281AFE1008D743E /* main.m */ = {isa = PBXFileReference; lastKnownFileType = sourcecode.c.objc; path = main.m; sourceTree = "<group>"; };
		0A23B0BA2281AFE1008D743E /* AnalyzePromiseKitTests.xctest */ = {isa = PBXFileReference; explicitFileType = wrapper.cfbundle; includeInIndex = 0; path = AnalyzePromiseKitTests.xctest; sourceTree = BUILT_PRODUCTS_DIR; };
		0A23B0BE2281AFE1008D743E /* AnalyzePromiseKitTests.m */ = {isa = PBXFileReference; lastKnownFileType = sourcecode.c.objc; path = AnalyzePromiseKitTests.m; sourceTree = "<group>"; };
		0A23B0C02281AFE1008D743E /* Info.plist */ = {isa = PBXFileReference; lastKnownFileType = text.plist.xml; path = Info.plist; sourceTree = "<group>"; };
		0A23B0C52281AFE1008D743E /* AnalyzePromiseKitUITests.xctest */ = {isa = PBXFileReference; explicitFileType = wrapper.cfbundle; includeInIndex = 0; path = AnalyzePromiseKitUITests.xctest; sourceTree = BUILT_PRODUCTS_DIR; };
		0A23B0C92281AFE1008D743E /* AnalyzePromiseKitUITests.m */ = {isa = PBXFileReference; lastKnownFileType = sourcecode.c.objc; path = AnalyzePromiseKitUITests.m; sourceTree = "<group>"; };
		0A23B0CB2281AFE1008D743E /* Info.plist */ = {isa = PBXFileReference; lastKnownFileType = text.plist.xml; path = Info.plist; sourceTree = "<group>"; };
		0B9B4903E3BE38A4C7AA76BB /* Pods-AnalyzePromiseKitTests.release.xcconfig */ = {isa = PBXFileReference; includeInIndex = 1; lastKnownFileType = text.xcconfig; name = "Pods-AnalyzePromiseKitTests.release.xcconfig"; path = "Pods/Target Support Files/Pods-AnalyzePromiseKitTests/Pods-AnalyzePromiseKitTests.release.xcconfig"; sourceTree = "<group>"; };
		0F89F694E4713013640328ED /* Pods-AnalyzePromiseKitUITests.debug.xcconfig */ = {isa = PBXFileReference; includeInIndex = 1; lastKnownFileType = text.xcconfig; name = "Pods-AnalyzePromiseKitUITests.debug.xcconfig"; path = "Pods/Target Support Files/Pods-AnalyzePromiseKitUITests/Pods-AnalyzePromiseKitUITests.debug.xcconfig"; sourceTree = "<group>"; };
		7639EAFDD5518ABF600A0D4C /* Pods_AnalyzePromiseKitUITests.framework */ = {isa = PBXFileReference; explicitFileType = wrapper.framework; includeInIndex = 0; path = Pods_AnalyzePromiseKitUITests.framework; sourceTree = BUILT_PRODUCTS_DIR; };
		9444FEF834A62551F0953E83 /* Pods_AnalyzePromiseKitTests.framework */ = {isa = PBXFileReference; explicitFileType = wrapper.framework; includeInIndex = 0; path = Pods_AnalyzePromiseKitTests.framework; sourceTree = BUILT_PRODUCTS_DIR; };
		9E16E5BD965385BE0AD78991 /* Pods_AnalyzePromiseKit.framework */ = {isa = PBXFileReference; explicitFileType = wrapper.framework; includeInIndex = 0; path = Pods_AnalyzePromiseKit.framework; sourceTree = BUILT_PRODUCTS_DIR; };
		A0FD75231C4698CD0DECF0E8 /* Pods-AnalyzePromiseKitTests.debug.xcconfig */ = {isa = PBXFileReference; includeInIndex = 1; lastKnownFileType = text.xcconfig; name = "Pods-AnalyzePromiseKitTests.debug.xcconfig"; path = "Pods/Target Support Files/Pods-AnalyzePromiseKitTests/Pods-AnalyzePromiseKitTests.debug.xcconfig"; sourceTree = "<group>"; };
		AB10B0B1E2D3679CC87BE419 /* Pods-AnalyzePromiseKitUITests.release.xcconfig */ = {isa = PBXFileReference; includeInIndex = 1; lastKnownFileType = text.xcconfig; name = "Pods-AnalyzePromiseKitUITests.release.xcconfig"; path = "Pods/Target Support Files/Pods-AnalyzePromiseKitUITests/Pods-AnalyzePromiseKitUITests.release.xcconfig"; sourceTree = "<group>"; };
		EA3DD3E89DE601FEC66F8FA4 /* Pods-AnalyzePromiseKit.release.xcconfig */ = {isa = PBXFileReference; includeInIndex = 1; lastKnownFileType = text.xcconfig; name = "Pods-AnalyzePromiseKit.release.xcconfig"; path = "Pods/Target Support Files/Pods-AnalyzePromiseKit/Pods-AnalyzePromiseKit.release.xcconfig"; sourceTree = "<group>"; };
		F75FCB27A0049A06B84BDFFE /* Pods-AnalyzePromiseKit.debug.xcconfig */ = {isa = PBXFileReference; includeInIndex = 1; lastKnownFileType = text.xcconfig; name = "Pods-AnalyzePromiseKit.debug.xcconfig"; path = "Pods/Target Support Files/Pods-AnalyzePromiseKit/Pods-AnalyzePromiseKit.debug.xcconfig"; sourceTree = "<group>"; };
/* End PBXFileReference section */

/* Begin PBXFrameworksBuildPhase section */
		0A23B09F2281AFE0008D743E /* Frameworks */ = {
			isa = PBXFrameworksBuildPhase;
			buildActionMask = 2147483647;
			files = (
				A1462C80C0CDAA5A9720A0A2 /* Pods_AnalyzePromiseKit.framework in Frameworks */,
			);
			runOnlyForDeploymentPostprocessing = 0;
		};
		0A23B0B72281AFE1008D743E /* Frameworks */ = {
			isa = PBXFrameworksBuildPhase;
			buildActionMask = 2147483647;
			files = (
				DB956697CD0B0768E0AF1A50 /* Pods_AnalyzePromiseKitTests.framework in Frameworks */,
			);
			runOnlyForDeploymentPostprocessing = 0;
		};
		0A23B0C22281AFE1008D743E /* Frameworks */ = {
			isa = PBXFrameworksBuildPhase;
			buildActionMask = 2147483647;
			files = (
				B7AD2C40EEF4F77415169F21 /* Pods_AnalyzePromiseKitUITests.framework in Frameworks */,
			);
			runOnlyForDeploymentPostprocessing = 0;
		};
/* End PBXFrameworksBuildPhase section */

/* Begin PBXGroup section */
		0A23B0992281AFE0008D743E = {
			isa = PBXGroup;
			children = (
				0A23B0A42281AFE0008D743E /* AnalyzePromiseKit */,
				0A23B0BD2281AFE1008D743E /* AnalyzePromiseKitTests */,
				0A23B0C82281AFE1008D743E /* AnalyzePromiseKitUITests */,
				0A23B0A32281AFE0008D743E /* Products */,
				A48E3B2186A61F4DFFBCD4C9 /* Pods */,
				10D6C4EA75E470BD336E52E5 /* Frameworks */,
			);
			sourceTree = "<group>";
		};
		0A23B0A32281AFE0008D743E /* Products */ = {
			isa = PBXGroup;
			children = (
				0A23B0A22281AFE0008D743E /* AnalyzePromiseKit.app */,
				0A23B0BA2281AFE1008D743E /* AnalyzePromiseKitTests.xctest */,
				0A23B0C52281AFE1008D743E /* AnalyzePromiseKitUITests.xctest */,
			);
			name = Products;
			sourceTree = "<group>";
		};
		0A23B0A42281AFE0008D743E /* AnalyzePromiseKit */ = {
			isa = PBXGroup;
			children = (
				0A23B0A52281AFE0008D743E /* AppDelegate.h */,
				0A23B0A62281AFE0008D743E /* AppDelegate.m */,
				0A23B0A82281AFE0008D743E /* ViewController.h */,
				0A23B0A92281AFE0008D743E /* ViewController.m */,
				0A23B0AB2281AFE0008D743E /* Main.storyboard */,
				0A23B0AE2281AFE1008D743E /* Assets.xcassets */,
				0A23B0B02281AFE1008D743E /* LaunchScreen.storyboard */,
				0A23B0B32281AFE1008D743E /* Info.plist */,
				0A23B0B42281AFE1008D743E /* main.m */,
			);
			path = AnalyzePromiseKit;
			sourceTree = "<group>";
		};
		0A23B0BD2281AFE1008D743E /* AnalyzePromiseKitTests */ = {
			isa = PBXGroup;
			children = (
				0A23B0BE2281AFE1008D743E /* AnalyzePromiseKitTests.m */,
				0A23B0C02281AFE1008D743E /* Info.plist */,
			);
			path = AnalyzePromiseKitTests;
			sourceTree = "<group>";
		};
		0A23B0C82281AFE1008D743E /* AnalyzePromiseKitUITests */ = {
			isa = PBXGroup;
			children = (
				0A23B0C92281AFE1008D743E /* AnalyzePromiseKitUITests.m */,
				0A23B0CB2281AFE1008D743E /* Info.plist */,
			);
			path = AnalyzePromiseKitUITests;
			sourceTree = "<group>";
		};
		10D6C4EA75E470BD336E52E5 /* Frameworks */ = {
			isa = PBXGroup;
			children = (
				9E16E5BD965385BE0AD78991 /* Pods_AnalyzePromiseKit.framework */,
				9444FEF834A62551F0953E83 /* Pods_AnalyzePromiseKitTests.framework */,
				7639EAFDD5518ABF600A0D4C /* Pods_AnalyzePromiseKitUITests.framework */,
			);
			name = Frameworks;
			sourceTree = "<group>";
		};
		A48E3B2186A61F4DFFBCD4C9 /* Pods */ = {
			isa = PBXGroup;
			children = (
				F75FCB27A0049A06B84BDFFE /* Pods-AnalyzePromiseKit.debug.xcconfig */,
				EA3DD3E89DE601FEC66F8FA4 /* Pods-AnalyzePromiseKit.release.xcconfig */,
				A0FD75231C4698CD0DECF0E8 /* Pods-AnalyzePromiseKitTests.debug.xcconfig */,
				0B9B4903E3BE38A4C7AA76BB /* Pods-AnalyzePromiseKitTests.release.xcconfig */,
				0F89F694E4713013640328ED /* Pods-AnalyzePromiseKitUITests.debug.xcconfig */,
				AB10B0B1E2D3679CC87BE419 /* Pods-AnalyzePromiseKitUITests.release.xcconfig */,
			);
			name = Pods;
			sourceTree = "<group>";
		};
/* End PBXGroup section */

/* Begin PBXNativeTarget section */
		0A23B0A12281AFE0008D743E /* AnalyzePromiseKit */ = {
			isa = PBXNativeTarget;
			buildConfigurationList = 0A23B0CE2281AFE1008D743E /* Build configuration list for PBXNativeTarget "AnalyzePromiseKit" */;
			buildPhases = (
				4AD3D59FD6761E45B0A23168 /* [CP] Check Pods Manifest.lock */,
				0A23B09E2281AFE0008D743E /* Sources */,
				0A23B09F2281AFE0008D743E /* Frameworks */,
				0A23B0A02281AFE0008D743E /* Resources */,
				C7DE041BB034F70C49E52ABE /* [CP] Embed Pods Frameworks */,
				636B59DEBE2D0E26D294A9CF /* [CP] Copy Pods Resources */,
			);
			buildRules = (
			);
			dependencies = (
			);
			name = AnalyzePromiseKit;
			productName = AnalyzePromiseKit;
			productReference = 0A23B0A22281AFE0008D743E /* AnalyzePromiseKit.app */;
			productType = "com.apple.product-type.application";
		};
		0A23B0B92281AFE1008D743E /* AnalyzePromiseKitTests */ = {
			isa = PBXNativeTarget;
			buildConfigurationList = 0A23B0D12281AFE1008D743E /* Build configuration list for PBXNativeTarget "AnalyzePromiseKitTests" */;
			buildPhases = (
				468CBA01D900B532CFEF2ED7 /* [CP] Check Pods Manifest.lock */,
				0A23B0B62281AFE1008D743E /* Sources */,
				0A23B0B72281AFE1008D743E /* Frameworks */,
				0A23B0B82281AFE1008D743E /* Resources */,
				49637B40277DE7FEC319D112 /* [CP] Embed Pods Frameworks */,
				E36070BA202A36C3B65A36E9 /* [CP] Copy Pods Resources */,
			);
			buildRules = (
			);
			dependencies = (
				0A23B0BC2281AFE1008D743E /* PBXTargetDependency */,
			);
			name = AnalyzePromiseKitTests;
			productName = AnalyzePromiseKitTests;
			productReference = 0A23B0BA2281AFE1008D743E /* AnalyzePromiseKitTests.xctest */;
			productType = "com.apple.product-type.bundle.unit-test";
		};
		0A23B0C42281AFE1008D743E /* AnalyzePromiseKitUITests */ = {
			isa = PBXNativeTarget;
			buildConfigurationList = 0A23B0D42281AFE1008D743E /* Build configuration list for PBXNativeTarget "AnalyzePromiseKitUITests" */;
			buildPhases = (
				989920756B6376328FD4FC1B /* [CP] Check Pods Manifest.lock */,
				0A23B0C12281AFE1008D743E /* Sources */,
				0A23B0C22281AFE1008D743E /* Frameworks */,
				0A23B0C32281AFE1008D743E /* Resources */,
				816DF1D821FF13FD3D824DAB /* [CP] Embed Pods Frameworks */,
				50FF5397DD851129123C64BC /* [CP] Copy Pods Resources */,
			);
			buildRules = (
			);
			dependencies = (
				0A23B0C72281AFE1008D743E /* PBXTargetDependency */,
			);
			name = AnalyzePromiseKitUITests;
			productName = AnalyzePromiseKitUITests;
			productReference = 0A23B0C52281AFE1008D743E /* AnalyzePromiseKitUITests.xctest */;
			productType = "com.apple.product-type.bundle.ui-testing";
		};
/* End PBXNativeTarget section */

/* Begin PBXProject section */
		0A23B09A2281AFE0008D743E /* Project object */ = {
			isa = PBXProject;
			attributes = {
				LastUpgradeCheck = 1000;
				ORGANIZATIONNAME = didi;
				TargetAttributes = {
					0A23B0A12281AFE0008D743E = {
						CreatedOnToolsVersion = 10.0;
					};
					0A23B0B92281AFE1008D743E = {
						CreatedOnToolsVersion = 10.0;
						TestTargetID = 0A23B0A12281AFE0008D743E;
					};
					0A23B0C42281AFE1008D743E = {
						CreatedOnToolsVersion = 10.0;
						TestTargetID = 0A23B0A12281AFE0008D743E;
					};
				};
			};
			buildConfigurationList = 0A23B09D2281AFE0008D743E /* Build configuration list for PBXProject "AnalyzePromiseKit" */;
			compatibilityVersion = "Xcode 9.3";
			developmentRegion = en;
			hasScannedForEncodings = 0;
			knownRegions = (
				en,
				Base,
			);
			mainGroup = 0A23B0992281AFE0008D743E;
			productRefGroup = 0A23B0A32281AFE0008D743E /* Products */;
			projectDirPath = "";
			projectRoot = "";
			targets = (
				0A23B0A12281AFE0008D743E /* AnalyzePromiseKit */,
				0A23B0B92281AFE1008D743E /* AnalyzePromiseKitTests */,
				0A23B0C42281AFE1008D743E /* AnalyzePromiseKitUITests */,
			);
		};
/* End PBXProject section */

/* Begin PBXResourcesBuildPhase section */
		0A23B0A02281AFE0008D743E /* Resources */ = {
			isa = PBXResourcesBuildPhase;
			buildActionMask = 2147483647;
			files = (
				0A23B0B22281AFE1008D743E /* LaunchScreen.storyboard in Resources */,
				0A23B0AF2281AFE1008D743E /* Assets.xcassets in Resources */,
				0A23B0AD2281AFE0008D743E /* Main.storyboard in Resources */,
			);
			runOnlyForDeploymentPostprocessing = 0;
		};
		0A23B0B82281AFE1008D743E /* Resources */ = {
			isa = PBXResourcesBuildPhase;
			buildActionMask = 2147483647;
			files = (
			);
			runOnlyForDeploymentPostprocessing = 0;
		};
		0A23B0C32281AFE1008D743E /* Resources */ = {
			isa = PBXResourcesBuildPhase;
			buildActionMask = 2147483647;
			files = (
			);
			runOnlyForDeploymentPostprocessing = 0;
		};
/* End PBXResourcesBuildPhase section */

/* Begin PBXShellScriptBuildPhase section */
		468CBA01D900B532CFEF2ED7 /* [CP] Check Pods Manifest.lock */ = {
			isa = PBXShellScriptBuildPhase;
			buildActionMask = 2147483647;
			files = (
			);
			inputPaths = (
				"${PODS_PODFILE_DIR_PATH}/Podfile.lock",
				"${PODS_ROOT}/Manifest.lock",
			);
			name = "[CP] Check Pods Manifest.lock";
			outputPaths = (
				"$(DERIVED_FILE_DIR)/Pods-AnalyzePromiseKitTests-checkManifestLockResult.txt",
			);
			runOnlyForDeploymentPostprocessing = 0;
			shellPath = /bin/sh;
			shellScript = "diff \"${PODS_PODFILE_DIR_PATH}/Podfile.lock\" \"${PODS_ROOT}/Manifest.lock\" > /dev/null\nif [ $? != 0 ] ; then\n    # print error to STDERR\n    echo \"error: The sandbox is not in sync with the Podfile.lock. Run 'pod install' or update your CocoaPods installation.\" >&2\n    exit 1\nfi\n# This output is used by Xcode 'outputs' to avoid re-running this script phase.\necho \"SUCCESS\" > \"${SCRIPT_OUTPUT_FILE_0}\"\n";
			showEnvVarsInLog = 0;
		};
		49637B40277DE7FEC319D112 /* [CP] Embed Pods Frameworks */ = {
			isa = PBXShellScriptBuildPhase;
			buildActionMask = 2147483647;
			files = (
			);
			inputPaths = (
			);
			name = "[CP] Embed Pods Frameworks";
			outputPaths = (
			);
			runOnlyForDeploymentPostprocessing = 0;
			shellPath = /bin/sh;
			shellScript = "\"${SRCROOT}/Pods/Target Support Files/Pods-AnalyzePromiseKitTests/Pods-AnalyzePromiseKitTests-frameworks.sh\"\n";
			showEnvVarsInLog = 0;
		};
		4AD3D59FD6761E45B0A23168 /* [CP] Check Pods Manifest.lock */ = {
			isa = PBXShellScriptBuildPhase;
			buildActionMask = 2147483647;
			files = (
			);
			inputPaths = (
				"${PODS_PODFILE_DIR_PATH}/Podfile.lock",
				"${PODS_ROOT}/Manifest.lock",
			);
			name = "[CP] Check Pods Manifest.lock";
			outputPaths = (
				"$(DERIVED_FILE_DIR)/Pods-AnalyzePromiseKit-checkManifestLockResult.txt",
			);
			runOnlyForDeploymentPostprocessing = 0;
			shellPath = /bin/sh;
			shellScript = "diff \"${PODS_PODFILE_DIR_PATH}/Podfile.lock\" \"${PODS_ROOT}/Manifest.lock\" > /dev/null\nif [ $? != 0 ] ; then\n    # print error to STDERR\n    echo \"error: The sandbox is not in sync with the Podfile.lock. Run 'pod install' or update your CocoaPods installation.\" >&2\n    exit 1\nfi\n# This output is used by Xcode 'outputs' to avoid re-running this script phase.\necho \"SUCCESS\" > \"${SCRIPT_OUTPUT_FILE_0}\"\n";
			showEnvVarsInLog = 0;
		};
		50FF5397DD851129123C64BC /* [CP] Copy Pods Resources */ = {
			isa = PBXShellScriptBuildPhase;
			buildActionMask = 2147483647;
			files = (
			);
			inputPaths = (
			);
			name = "[CP] Copy Pods Resources";
			outputPaths = (
			);
			runOnlyForDeploymentPostprocessing = 0;
			shellPath = /bin/sh;
			shellScript = "\"${SRCROOT}/Pods/Target Support Files/Pods-AnalyzePromiseKitUITests/Pods-AnalyzePromiseKitUITests-resources.sh\"\n";
			showEnvVarsInLog = 0;
		};
		636B59DEBE2D0E26D294A9CF /* [CP] Copy Pods Resources */ = {
			isa = PBXShellScriptBuildPhase;
			buildActionMask = 2147483647;
			files = (
			);
			inputPaths = (
			);
			name = "[CP] Copy Pods Resources";
			outputPaths = (
			);
			runOnlyForDeploymentPostprocessing = 0;
			shellPath = /bin/sh;
			shellScript = "\"${SRCROOT}/Pods/Target Support Files/Pods-AnalyzePromiseKit/Pods-AnalyzePromiseKit-resources.sh\"\n";
			showEnvVarsInLog = 0;
		};
		816DF1D821FF13FD3D824DAB /* [CP] Embed Pods Frameworks */ = {
			isa = PBXShellScriptBuildPhase;
			buildActionMask = 2147483647;
			files = (
			);
			inputPaths = (
			);
			name = "[CP] Embed Pods Frameworks";
			outputPaths = (
			);
			runOnlyForDeploymentPostprocessing = 0;
			shellPath = /bin/sh;
			shellScript = "\"${SRCROOT}/Pods/Target Support Files/Pods-AnalyzePromiseKitUITests/Pods-AnalyzePromiseKitUITests-frameworks.sh\"\n";
			showEnvVarsInLog = 0;
		};
		989920756B6376328FD4FC1B /* [CP] Check Pods Manifest.lock */ = {
			isa = PBXShellScriptBuildPhase;
			buildActionMask = 2147483647;
			files = (
			);
			inputPaths = (
				"${PODS_PODFILE_DIR_PATH}/Podfile.lock",
				"${PODS_ROOT}/Manifest.lock",
			);
			name = "[CP] Check Pods Manifest.lock";
			outputPaths = (
				"$(DERIVED_FILE_DIR)/Pods-AnalyzePromiseKitUITests-checkManifestLockResult.txt",
			);
			runOnlyForDeploymentPostprocessing = 0;
			shellPath = /bin/sh;
			shellScript = "diff \"${PODS_PODFILE_DIR_PATH}/Podfile.lock\" \"${PODS_ROOT}/Manifest.lock\" > /dev/null\nif [ $? != 0 ] ; then\n    # print error to STDERR\n    echo \"error: The sandbox is not in sync with the Podfile.lock. Run 'pod install' or update your CocoaPods installation.\" >&2\n    exit 1\nfi\n# This output is used by Xcode 'outputs' to avoid re-running this script phase.\necho \"SUCCESS\" > \"${SCRIPT_OUTPUT_FILE_0}\"\n";
			showEnvVarsInLog = 0;
		};
		C7DE041BB034F70C49E52ABE /* [CP] Embed Pods Frameworks */ = {
			isa = PBXShellScriptBuildPhase;
			buildActionMask = 2147483647;
			files = (
			);
			inputPaths = (
				"${SRCROOT}/Pods/Target Support Files/Pods-AnalyzePromiseKit/Pods-AnalyzePromiseKit-frameworks.sh",
				"${BUILT_PRODUCTS_DIR}/OMGHTTPURLRQ/OMGHTTPURLRQ.framework",
				"${BUILT_PRODUCTS_DIR}/PromiseKit/PromiseKit.framework",
			);
			name = "[CP] Embed Pods Frameworks";
			outputPaths = (
				"${TARGET_BUILD_DIR}/${FRAMEWORKS_FOLDER_PATH}/OMGHTTPURLRQ.framework",
				"${TARGET_BUILD_DIR}/${FRAMEWORKS_FOLDER_PATH}/PromiseKit.framework",
			);
			runOnlyForDeploymentPostprocessing = 0;
			shellPath = /bin/sh;
			shellScript = "\"${SRCROOT}/Pods/Target Support Files/Pods-AnalyzePromiseKit/Pods-AnalyzePromiseKit-frameworks.sh\"\n";
			showEnvVarsInLog = 0;
		};
		E36070BA202A36C3B65A36E9 /* [CP] Copy Pods Resources */ = {
			isa = PBXShellScriptBuildPhase;
			buildActionMask = 2147483647;
			files = (
			);
			inputPaths = (
			);
			name = "[CP] Copy Pods Resources";
			outputPaths = (
			);
			runOnlyForDeploymentPostprocessing = 0;
			shellPath = /bin/sh;
			shellScript = "\"${SRCROOT}/Pods/Target Support Files/Pods-AnalyzePromiseKitTests/Pods-AnalyzePromiseKitTests-resources.sh\"\n";
			showEnvVarsInLog = 0;
		};
/* End PBXShellScriptBuildPhase section */

/* Begin PBXSourcesBuildPhase section */
		0A23B09E2281AFE0008D743E /* Sources */ = {
			isa = PBXSourcesBuildPhase;
			buildActionMask = 2147483647;
			files = (
				0A23B0AA2281AFE0008D743E /* ViewController.m in Sources */,
				0A23B0B52281AFE1008D743E /* main.m in Sources */,
				0A23B0A72281AFE0008D743E /* AppDelegate.m in Sources */,
			);
			runOnlyForDeploymentPostprocessing = 0;
		};
		0A23B0B62281AFE1008D743E /* Sources */ = {
			isa = PBXSourcesBuildPhase;
			buildActionMask = 2147483647;
			files = (
				0A23B0BF2281AFE1008D743E /* AnalyzePromiseKitTests.m in Sources */,
			);
			runOnlyForDeploymentPostprocessing = 0;
		};
		0A23B0C12281AFE1008D743E /* Sources */ = {
			isa = PBXSourcesBuildPhase;
			buildActionMask = 2147483647;
			files = (
				0A23B0CA2281AFE1008D743E /* AnalyzePromiseKitUITests.m in Sources */,
			);
			runOnlyForDeploymentPostprocessing = 0;
		};
/* End PBXSourcesBuildPhase section */

/* Begin PBXTargetDependency section */
		0A23B0BC2281AFE1008D743E /* PBXTargetDependency */ = {
			isa = PBXTargetDependency;
			target = 0A23B0A12281AFE0008D743E /* AnalyzePromiseKit */;
			targetProxy = 0A23B0BB2281AFE1008D743E /* PBXContainerItemProxy */;
		};
		0A23B0C72281AFE1008D743E /* PBXTargetDependency */ = {
			isa = PBXTargetDependency;
			target = 0A23B0A12281AFE0008D743E /* AnalyzePromiseKit */;
			targetProxy = 0A23B0C62281AFE1008D743E /* PBXContainerItemProxy */;
		};
/* End PBXTargetDependency section */

/* Begin PBXVariantGroup section */
		0A23B0AB2281AFE0008D743E /* Main.storyboard */ = {
			isa = PBXVariantGroup;
			children = (
				0A23B0AC2281AFE0008D743E /* Base */,
			);
			name = Main.storyboard;
			sourceTree = "<group>";
		};
		0A23B0B02281AFE1008D743E /* LaunchScreen.storyboard */ = {
			isa = PBXVariantGroup;
			children = (
				0A23B0B12281AFE1008D743E /* Base */,
			);
			name = LaunchScreen.storyboard;
			sourceTree = "<group>";
		};
/* End PBXVariantGroup section */

/* Begin XCBuildConfiguration section */
		0A23B0CC2281AFE1008D743E /* Debug */ = {
			isa = XCBuildConfiguration;
			buildSettings = {
				ALWAYS_SEARCH_USER_PATHS = NO;
				CLANG_ANALYZER_NONNULL = YES;
				CLANG_ANALYZER_NUMBER_OBJECT_CONVERSION = YES_AGGRESSIVE;
				CLANG_CXX_LANGUAGE_STANDARD = "gnu++14";
				CLANG_CXX_LIBRARY = "libc++";
				CLANG_ENABLE_MODULES = YES;
				CLANG_ENABLE_OBJC_ARC = YES;
				CLANG_ENABLE_OBJC_WEAK = YES;
				CLANG_WARN_BLOCK_CAPTURE_AUTORELEASING = YES;
				CLANG_WARN_BOOL_CONVERSION = YES;
				CLANG_WARN_COMMA = YES;
				CLANG_WARN_CONSTANT_CONVERSION = YES;
				CLANG_WARN_DEPRECATED_OBJC_IMPLEMENTATIONS = YES;
				CLANG_WARN_DIRECT_OBJC_ISA_USAGE = YES_ERROR;
				CLANG_WARN_DOCUMENTATION_COMMENTS = YES;
				CLANG_WARN_EMPTY_BODY = YES;
				CLANG_WARN_ENUM_CONVERSION = YES;
				CLANG_WARN_INFINITE_RECURSION = YES;
				CLANG_WARN_INT_CONVERSION = YES;
				CLANG_WARN_NON_LITERAL_NULL_CONVERSION = YES;
				CLANG_WARN_OBJC_IMPLICIT_RETAIN_SELF = YES;
				CLANG_WARN_OBJC_LITERAL_CONVERSION = YES;
				CLANG_WARN_OBJC_ROOT_CLASS = YES_ERROR;
				CLANG_WARN_RANGE_LOOP_ANALYSIS = YES;
				CLANG_WARN_STRICT_PROTOTYPES = YES;
				CLANG_WARN_SUSPICIOUS_MOVE = YES;
				CLANG_WARN_UNGUARDED_AVAILABILITY = YES_AGGRESSIVE;
				CLANG_WARN_UNREACHABLE_CODE = YES;
				CLANG_WARN__DUPLICATE_METHOD_MATCH = YES;
				CODE_SIGN_IDENTITY = "iPhone Developer";
				COPY_PHASE_STRIP = NO;
				DEBUG_INFORMATION_FORMAT = dwarf;
				ENABLE_STRICT_OBJC_MSGSEND = YES;
				ENABLE_TESTABILITY = YES;
				GCC_C_LANGUAGE_STANDARD = gnu11;
				GCC_DYNAMIC_NO_PIC = NO;
				GCC_NO_COMMON_BLOCKS = YES;
				GCC_OPTIMIZATION_LEVEL = 0;
				GCC_PREPROCESSOR_DEFINITIONS = (
					"DEBUG=1",
					"$(inherited)",
				);
				GCC_WARN_64_TO_32_BIT_CONVERSION = YES;
				GCC_WARN_ABOUT_RETURN_TYPE = YES_ERROR;
				GCC_WARN_UNDECLARED_SELECTOR = YES;
				GCC_WARN_UNINITIALIZED_AUTOS = YES_AGGRESSIVE;
				GCC_WARN_UNUSED_FUNCTION = YES;
				GCC_WARN_UNUSED_VARIABLE = YES;
				IPHONEOS_DEPLOYMENT_TARGET = 12.0;
				MTL_ENABLE_DEBUG_INFO = INCLUDE_SOURCE;
				MTL_FAST_MATH = YES;
				ONLY_ACTIVE_ARCH = YES;
				SDKROOT = iphoneos;
			};
			name = Debug;
		};
		0A23B0CD2281AFE1008D743E /* Release */ = {
			isa = XCBuildConfiguration;
			buildSettings = {
				ALWAYS_SEARCH_USER_PATHS = NO;
				CLANG_ANALYZER_NONNULL = YES;
				CLANG_ANALYZER_NUMBER_OBJECT_CONVERSION = YES_AGGRESSIVE;
				CLANG_CXX_LANGUAGE_STANDARD = "gnu++14";
				CLANG_CXX_LIBRARY = "libc++";
				CLANG_ENABLE_MODULES = YES;
				CLANG_ENABLE_OBJC_ARC = YES;
				CLANG_ENABLE_OBJC_WEAK = YES;
				CLANG_WARN_BLOCK_CAPTURE_AUTORELEASING = YES;
				CLANG_WARN_BOOL_CONVERSION = YES;
				CLANG_WARN_COMMA = YES;
				CLANG_WARN_CONSTANT_CONVERSION = YES;
				CLANG_WARN_DEPRECATED_OBJC_IMPLEMENTATIONS = YES;
				CLANG_WARN_DIRECT_OBJC_ISA_USAGE = YES_ERROR;
				CLANG_WARN_DOCUMENTATION_COMMENTS = YES;
				CLANG_WARN_EMPTY_BODY = YES;
				CLANG_WARN_ENUM_CONVERSION = YES;
				CLANG_WARN_INFINITE_RECURSION = YES;
				CLANG_WARN_INT_CONVERSION = YES;
				CLANG_WARN_NON_LITERAL_NULL_CONVERSION = YES;
				CLANG_WARN_OBJC_IMPLICIT_RETAIN_SELF = YES;
				CLANG_WARN_OBJC_LITERAL_CONVERSION = YES;
				CLANG_WARN_OBJC_ROOT_CLASS = YES_ERROR;
				CLANG_WARN_RANGE_LOOP_ANALYSIS = YES;
				CLANG_WARN_STRICT_PROTOTYPES = YES;
				CLANG_WARN_SUSPICIOUS_MOVE = YES;
				CLANG_WARN_UNGUARDED_AVAILABILITY = YES_AGGRESSIVE;
				CLANG_WARN_UNREACHABLE_CODE = YES;
				CLANG_WARN__DUPLICATE_METHOD_MATCH = YES;
				CODE_SIGN_IDENTITY = "iPhone Developer";
				COPY_PHASE_STRIP = NO;
				DEBUG_INFORMATION_FORMAT = "dwarf-with-dsym";
				ENABLE_NS_ASSERTIONS = NO;
				ENABLE_STRICT_OBJC_MSGSEND = YES;
				GCC_C_LANGUAGE_STANDARD = gnu11;
				GCC_NO_COMMON_BLOCKS = YES;
				GCC_WARN_64_TO_32_BIT_CONVERSION = YES;
				GCC_WARN_ABOUT_RETURN_TYPE = YES_ERROR;
				GCC_WARN_UNDECLARED_SELECTOR = YES;
				GCC_WARN_UNINITIALIZED_AUTOS = YES_AGGRESSIVE;
				GCC_WARN_UNUSED_FUNCTION = YES;
				GCC_WARN_UNUSED_VARIABLE = YES;
				IPHONEOS_DEPLOYMENT_TARGET = 12.0;
				MTL_ENABLE_DEBUG_INFO = NO;
				MTL_FAST_MATH = YES;
				SDKROOT = iphoneos;
				VALIDATE_PRODUCT = YES;
			};
			name = Release;
		};
		0A23B0CF2281AFE1008D743E /* Debug */ = {
			isa = XCBuildConfiguration;
			baseConfigurationReference = F75FCB27A0049A06B84BDFFE /* Pods-AnalyzePromiseKit.debug.xcconfig */;
			buildSettings = {
				ASSETCATALOG_COMPILER_APPICON_NAME = AppIcon;
				CODE_SIGN_STYLE = Automatic;
				DEVELOPMENT_TEAM = LQNCVGRWP6;
				INFOPLIST_FILE = AnalyzePromiseKit/Info.plist;
				LD_RUNPATH_SEARCH_PATHS = "$(inherited) @executable_path/Frameworks";
				PRODUCT_BUNDLE_IDENTIFIER = persion.AnalyzePromiseKit;
				PRODUCT_NAME = "$(TARGET_NAME)";
				TARGETED_DEVICE_FAMILY = "1,2";
			};
			name = Debug;
		};
		0A23B0D02281AFE1008D743E /* Release */ = {
			isa = XCBuildConfiguration;
			baseConfigurationReference = EA3DD3E89DE601FEC66F8FA4 /* Pods-AnalyzePromiseKit.release.xcconfig */;
			buildSettings = {
				ASSETCATALOG_COMPILER_APPICON_NAME = AppIcon;
				CODE_SIGN_STYLE = Automatic;
				DEVELOPMENT_TEAM = LQNCVGRWP6;
				INFOPLIST_FILE = AnalyzePromiseKit/Info.plist;
				LD_RUNPATH_SEARCH_PATHS = "$(inherited) @executable_path/Frameworks";
				PRODUCT_BUNDLE_IDENTIFIER = persion.AnalyzePromiseKit;
				PRODUCT_NAME = "$(TARGET_NAME)";
				TARGETED_DEVICE_FAMILY = "1,2";
			};
			name = Release;
		};
		0A23B0D22281AFE1008D743E /* Debug */ = {
			isa = XCBuildConfiguration;
			baseConfigurationReference = A0FD75231C4698CD0DECF0E8 /* Pods-AnalyzePromiseKitTests.debug.xcconfig */;
			buildSettings = {
				BUNDLE_LOADER = "$(TEST_HOST)";
				CODE_SIGN_STYLE = Automatic;
				DEVELOPMENT_TEAM = LQNCVGRWP6;
				INFOPLIST_FILE = AnalyzePromiseKitTests/Info.plist;
				LD_RUNPATH_SEARCH_PATHS = "$(inherited) @executable_path/Frameworks @loader_path/Frameworks";
				PRODUCT_BUNDLE_IDENTIFIER = persion.AnalyzePromiseKitTests;
				PRODUCT_NAME = "$(TARGET_NAME)";
				TARGETED_DEVICE_FAMILY = "1,2";
				TEST_HOST = "$(BUILT_PRODUCTS_DIR)/AnalyzePromiseKit.app/AnalyzePromiseKit";
			};
			name = Debug;
		};
		0A23B0D32281AFE1008D743E /* Release */ = {
			isa = XCBuildConfiguration;
			baseConfigurationReference = 0B9B4903E3BE38A4C7AA76BB /* Pods-AnalyzePromiseKitTests.release.xcconfig */;
			buildSettings = {
				BUNDLE_LOADER = "$(TEST_HOST)";
				CODE_SIGN_STYLE = Automatic;
				DEVELOPMENT_TEAM = LQNCVGRWP6;
				INFOPLIST_FILE = AnalyzePromiseKitTests/Info.plist;
				LD_RUNPATH_SEARCH_PATHS = "$(inherited) @executable_path/Frameworks @loader_path/Frameworks";
				PRODUCT_BUNDLE_IDENTIFIER = persion.AnalyzePromiseKitTests;
				PRODUCT_NAME = "$(TARGET_NAME)";
				TARGETED_DEVICE_FAMILY = "1,2";
				TEST_HOST = "$(BUILT_PRODUCTS_DIR)/AnalyzePromiseKit.app/AnalyzePromiseKit";
			};
			name = Release;
		};
		0A23B0D52281AFE1008D743E /* Debug */ = {
			isa = XCBuildConfiguration;
			baseConfigurationReference = 0F89F694E4713013640328ED /* Pods-AnalyzePromiseKitUITests.debug.xcconfig */;
			buildSettings = {
				CODE_SIGN_STYLE = Automatic;
				DEVELOPMENT_TEAM = LQNCVGRWP6;
				INFOPLIST_FILE = AnalyzePromiseKitUITests/Info.plist;
				LD_RUNPATH_SEARCH_PATHS = "$(inherited) @executable_path/Frameworks @loader_path/Frameworks";
				PRODUCT_BUNDLE_IDENTIFIER = persion.AnalyzePromiseKitUITests;
				PRODUCT_NAME = "$(TARGET_NAME)";
				TARGETED_DEVICE_FAMILY = "1,2";
				TEST_TARGET_NAME = AnalyzePromiseKit;
			};
			name = Debug;
		};
		0A23B0D62281AFE1008D743E /* Release */ = {
			isa = XCBuildConfiguration;
			baseConfigurationReference = AB10B0B1E2D3679CC87BE419 /* Pods-AnalyzePromiseKitUITests.release.xcconfig */;
			buildSettings = {
				CODE_SIGN_STYLE = Automatic;
				DEVELOPMENT_TEAM = LQNCVGRWP6;
				INFOPLIST_FILE = AnalyzePromiseKitUITests/Info.plist;
				LD_RUNPATH_SEARCH_PATHS = "$(inherited) @executable_path/Frameworks @loader_path/Frameworks";
				PRODUCT_BUNDLE_IDENTIFIER = persion.AnalyzePromiseKitUITests;
				PRODUCT_NAME = "$(TARGET_NAME)";
				TARGETED_DEVICE_FAMILY = "1,2";
				TEST_TARGET_NAME = AnalyzePromiseKit;
			};
			name = Release;
		};
/* End XCBuildConfiguration section */

/* Begin XCConfigurationList section */
		0A23B09D2281AFE0008D743E /* Build configuration list for PBXProject "AnalyzePromiseKit" */ = {
			isa = XCConfigurationList;
			buildConfigurations = (
				0A23B0CC2281AFE1008D743E /* Debug */,
				0A23B0CD2281AFE1008D743E /* Release */,
			);
			defaultConfigurationIsVisible = 0;
			defaultConfigurationName = Release;
		};
		0A23B0CE2281AFE1008D743E /* Build configuration list for PBXNativeTarget "AnalyzePromiseKit" */ = {
			isa = XCConfigurationList;
			buildConfigurations = (
				0A23B0CF2281AFE1008D743E /* Debug */,
				0A23B0D02281AFE1008D743E /* Release */,
			);
			defaultConfigurationIsVisible = 0;
			defaultConfigurationName = Release;
		};
		0A23B0D12281AFE1008D743E /* Build configuration list for PBXNativeTarget "AnalyzePromiseKitTests" */ = {
			isa = XCConfigurationList;
			buildConfigurations = (
				0A23B0D22281AFE1008D743E /* Debug */,
				0A23B0D32281AFE1008D743E /* Release */,
			);
			defaultConfigurationIsVisible = 0;
			defaultConfigurationName = Release;
		};
		0A23B0D42281AFE1008D743E /* Build configuration list for PBXNativeTarget "AnalyzePromiseKitUITests" */ = {
			isa = XCConfigurationList;
			buildConfigurations = (
				0A23B0D52281AFE1008D743E /* Debug */,
				0A23B0D62281AFE1008D743E /* Release */,
			);
			defaultConfigurationIsVisible = 0;
			defaultConfigurationName = Release;
		};
/* End XCConfigurationList section */
	};
	rootObject = 0A23B09A2281AFE0008D743E /* Project object */;
}
